
Microsoft Visual Studio Solution File, Format Version 12.00
# Visual Studio Version 16
VisualStudioVersion = 16.0.29920.165
MinimumVisualStudioVersion = 10.0.40219.1
Project("{FAE04EC0-301F-11D3-BF4B-00C04F79EFBC}") = "VeiVuePoc", "VeiVuePoc\VeiVuePoc.csproj", "{D076991A-09B5-4254-93EC-D5CAF60489E8}"
EndProject
Global
	GlobalSection(SolutionConfigurationPlatforms) = preSolution
		Debug|Any CPU = Debug|Any CPU
		Release|Any CPU = Release|Any CPU
	EndGlobalSection
	GlobalSection(ProjectConfigurationPlatforms) = postSolution
		{D076991A-09B5-4254-93EC-D5CAF60489E8}.Debug|Any CPU.ActiveCfg = Debug|Any CPU
		{D076991A-09B5-4254-93EC-D5CAF60489E8}.Debug|Any CPU.Build.0 = Debug|Any CPU
		{D076991A-09B5-4254-93EC-D5CAF60489E8}.Release|Any CPU.ActiveCfg = Release|Any CPU
		{D076991A-09B5-4254-93EC-D5CAF60489E8}.Release|Any CPU.Build.0 = Release|Any CPU
	EndGlobalSection
	GlobalSection(SolutionProperties) = preSolution
		HideSolutionNode = FALSE
	EndGlobalSection
	GlobalSection(ExtensibilityGlobals) = postSolution
		SolutionGuid = {3A656554-DDEF-48C7-8455-88975A0F771E}
	EndGlobalSection
EndGlobal
